
Microsoft Visual Studio Solution File, Format Version 12.00
# Visual Studio Version 17
VisualStudioVersion = 17.0.32112.339
MinimumVisualStudioVersion = 10.0.40219.1
Project("{8BC9CEB8-8B4A-11D0-8D11-00A0C91BC942}") = "9.内存函数", "9.内存函数\9.内存函数.vcxproj", "{5FDDDBD4-8FA2-4556-83C8-4EF8A14BF93C}"
EndProject
Global
	GlobalSection(SolutionConfigurationPlatforms) = preSolution
		Debug|x64 = Debug|x64
		Debug|x86 = Debug|x86
		Release|x64 = Release|x64
		Release|x86 = Release|x86
	EndGlobalSection
	GlobalSection(ProjectConfigurationPlatforms) = postSolution
		{5FDDDBD4-8FA2-4556-83C8-4EF8A14BF93C}.Debug|x64.ActiveCfg = Debug|x64
		{5FDDDBD4-8FA2-4556-83C8-4EF8A14BF93C}.Debug|x64.Build.0 = Debug|x64
		{5FDDDBD4-8FA2-4556-83C8-4EF8A14BF93C}.Debug|x86.ActiveCfg = Debug|Win32
		{5FDDDBD4-8FA2-4556-83C8-4EF8A14BF93C}.Debug|x86.Build.0 = Debug|Win32
		{5FDDDBD4-8FA2-4556-83C8-4EF8A14BF93C}.Release|x64.ActiveCfg = Release|x64
		{5FDDDBD4-8FA2-4556-83C8-4EF8A14BF93C}.Release|x64.Build.0 = Release|x64
		{5FDDDBD4-8FA2-4556-83C8-4EF8A14BF93C}.Release|x86.ActiveCfg = Release|Win32
		{5FDDDBD4-8FA2-4556-83C8-4EF8A14BF93C}.Release|x86.Build.0 = Release|Win32
	EndGlobalSection
	GlobalSection(SolutionProperties) = preSolution
		HideSolutionNode = FALSE
	EndGlobalSection
	GlobalSection(ExtensibilityGlobals) = postSolution
		SolutionGuid = {AFFF6273-63C7-4AF5-B697-562023FF56C2}
	EndGlobalSection
EndGlobal
