
Microsoft Visual Studio Solution File, Format Version 12.00
# Visual Studio Version 17
VisualStudioVersion = 17.0.32112.339
MinimumVisualStudioVersion = 10.0.40219.1
Project("{8BC9CEB8-8B4A-11D0-8D11-00A0C91BC942}") = "12.动态内存分配", "12.动态内存分配\12.动态内存分配.vcxproj", "{5C50C25F-DE6D-4E38-A657-F28A4D11571E}"
EndProject
Global
	GlobalSection(SolutionConfigurationPlatforms) = preSolution
		Debug|x64 = Debug|x64
		Debug|x86 = Debug|x86
		Release|x64 = Release|x64
		Release|x86 = Release|x86
	EndGlobalSection
	GlobalSection(ProjectConfigurationPlatforms) = postSolution
		{5C50C25F-DE6D-4E38-A657-F28A4D11571E}.Debug|x64.ActiveCfg = Debug|Win32
		{5C50C25F-DE6D-4E38-A657-F28A4D11571E}.Debug|x64.Build.0 = Debug|Win32
		{5C50C25F-DE6D-4E38-A657-F28A4D11571E}.Debug|x86.ActiveCfg = Debug|Win32
		{5C50C25F-DE6D-4E38-A657-F28A4D11571E}.Debug|x86.Build.0 = Debug|Win32
		{5C50C25F-DE6D-4E38-A657-F28A4D11571E}.Release|x64.ActiveCfg = Release|x64
		{5C50C25F-DE6D-4E38-A657-F28A4D11571E}.Release|x64.Build.0 = Release|x64
		{5C50C25F-DE6D-4E38-A657-F28A4D11571E}.Release|x86.ActiveCfg = Release|Win32
		{5C50C25F-DE6D-4E38-A657-F28A4D11571E}.Release|x86.Build.0 = Release|Win32
	EndGlobalSection
	GlobalSection(SolutionProperties) = preSolution
		HideSolutionNode = FALSE
	EndGlobalSection
	GlobalSection(ExtensibilityGlobals) = postSolution
		SolutionGuid = {D05825A1-EC63-486D-BD4C-04A3F0DD76D6}
	EndGlobalSection
EndGlobal
